dependencies:
- name: redis-cluster
  repository: https://charts.bitnami.com/bitnami/
  version: 10.2.3
- name: kube-prometheus-stack
  repository: https://prometheus-community.github.io/helm-charts
  version: 55.11.0
digest: sha256:69e1bcfbf4cda25c7d51be3e67533099f8a0922cf5825fd7e256edef444a34cb
generated: "2025-08-04T10:22:19.130269831+02:00"
