dependencies:
- name: redis-cluster
  repository: https://charts.bitnami.com/bitnami/
  version: 9.1.3
- name: kube-prometheus-stack
  repository: https://prometheus-community.github.io/helm-charts
  version: 58.5.1
digest: sha256:3859501f4e0607e6e0d927502271503ab4e7fa6f3a4767f480b5411bfdd3c1bb
generated: "2024-05-14T15:16:35.1979022Z"
